{
  "name": "@tmorin/ceb-messaging-adapter-purify",
  "version": "7.1.0",
  "lockfileVersion": 2,
  "requires": true,
  "packages": {
    "": {
      "name": "@tmorin/ceb-messaging-adapter-purify",
      "version": "7.1.0",
      "license": "MIT",
      "dependencies": {
        "@tmorin/ceb-inversion-core": "^7.1.0",
        "@tmorin/ceb-messaging-core": "^7.1.0"
      },
      "devDependencies": {
        "@tmorin/ceb-messaging-simple": "^7.1.0",
        "@tmorin/ceb-messaging-simple-inversion": "^7.1.0",
        "purify-ts": "^1.1.0"
      },
      "peerDependencies": {
        "purify-ts": "*"
      }
    },
    "node_modules/@tmorin/ceb-inversion-core": {
      "version": "7.1.0",
      "resolved": "https://registry.npmjs.org/@tmorin/ceb-inversion-core/-/ceb-inversion-core-7.1.0.tgz",
      "integrity": "sha512-UrwCqGquazKfpEAsw1VhXV7ycjCStXf2lCHv7N3rHStdt47Fy/nIwMyLQ2/o71uH1l+hMo5ZdjMsdlGY8SkIZQ=="
    },
    "node_modules/@tmorin/ceb-messaging-core": {
      "version": "7.1.0",
      "resolved": "https://registry.npmjs.org/@tmorin/ceb-messaging-core/-/ceb-messaging-core-7.1.0.tgz",
      "integrity": "sha512-gDCvExlQYXSqFyZ/LtcZ0GF3e+nVHHFkYMVWTnUUUGngtAu/EPmTFdEDDVkisjOK0BBGJCZUI597MLsYOe3k+A==",
      "dependencies": {
        "@tmorin/ceb-inversion-core": "^7.1.0"
      }
    },
    "node_modules/@tmorin/ceb-messaging-simple": {
      "version": "7.1.0",
      "resolved": "https://registry.npmjs.org/@tmorin/ceb-messaging-simple/-/ceb-messaging-simple-7.1.0.tgz",
      "integrity": "sha512-MkePiBuCcbdH4lRI59M/StpWu58xciUupLSPpcyp+xPAgNj+WDrUWZYWtglEJXele2cFpWVN/+TO3rAZG9ucyw==",
      "dev": true,
      "dependencies": {
        "@tmorin/ceb-messaging-core": "^7.1.0"
      }
    },
    "node_modules/@tmorin/ceb-messaging-simple-inversion": {
      "version": "7.1.0",
      "resolved": "https://registry.npmjs.org/@tmorin/ceb-messaging-simple-inversion/-/ceb-messaging-simple-inversion-7.1.0.tgz",
      "integrity": "sha512-w//eONKEwG/RYMak5rWddXxzw91qcCmOtJbNF3Fpd3LFXAMd6W23VlVQ5stA31YjhIckZq1s5sHU/BCl+Ezh2A==",
      "dev": true,
      "dependencies": {
        "@tmorin/ceb-inversion-core": "^7.1.0",
        "@tmorin/ceb-messaging-core": "^7.1.0",
        "@tmorin/ceb-messaging-simple": "^7.1.0"
      }
    },
    "node_modules/@types/json-schema": {
      "version": "7.0.9",
      "resolved": "https://registry.npmjs.org/@types/json-schema/-/json-schema-7.0.9.tgz",
      "integrity": "sha512-qcUXuemtEu+E5wZSJHNxUXeCZhAfXKQ41D+duX+VYPde7xyEVZci+/oXKJL13tnRs9lR2pr4fod59GT6/X1/yQ==",
      "dev": true
    },
    "node_modules/purify-ts": {
      "version": "1.2.0",
      "resolved": "https://registry.npmjs.org/purify-ts/-/purify-ts-1.2.0.tgz",
      "integrity": "sha512-CTiMFDCaJ9vKXOnl13sRktbb6KMYB0NuQD0LPUYfEZO5YIKcN7uxIb7maSe0Ywzcm9O8LDcz7dQK1p6ZWDCvaQ==",
      "dev": true,
      "dependencies": {
        "@types/json-schema": "7.0.9"
      }
    }
  },
  "dependencies": {
    "@tmorin/ceb-inversion-core": {
      "version": "7.1.0",
      "resolved": "https://registry.npmjs.org/@tmorin/ceb-inversion-core/-/ceb-inversion-core-7.1.0.tgz",
      "integrity": "sha512-UrwCqGquazKfpEAsw1VhXV7ycjCStXf2lCHv7N3rHStdt47Fy/nIwMyLQ2/o71uH1l+hMo5ZdjMsdlGY8SkIZQ=="
    },
    "@tmorin/ceb-messaging-core": {
      "version": "7.1.0",
      "resolved": "https://registry.npmjs.org/@tmorin/ceb-messaging-core/-/ceb-messaging-core-7.1.0.tgz",
      "integrity": "sha512-gDCvExlQYXSqFyZ/LtcZ0GF3e+nVHHFkYMVWTnUUUGngtAu/EPmTFdEDDVkisjOK0BBGJCZUI597MLsYOe3k+A==",
      "requires": {
        "@tmorin/ceb-inversion-core": "^7.1.0"
      }
    },
    "@tmorin/ceb-messaging-simple": {
      "version": "7.1.0",
      "resolved": "https://registry.npmjs.org/@tmorin/ceb-messaging-simple/-/ceb-messaging-simple-7.1.0.tgz",
      "integrity": "sha512-MkePiBuCcbdH4lRI59M/StpWu58xciUupLSPpcyp+xPAgNj+WDrUWZYWtglEJXele2cFpWVN/+TO3rAZG9ucyw==",
      "dev": true,
      "requires": {
        "@tmorin/ceb-messaging-core": "^7.1.0"
      }
    },
    "@tmorin/ceb-messaging-simple-inversion": {
      "version": "7.1.0",
      "resolved": "https://registry.npmjs.org/@tmorin/ceb-messaging-simple-inversion/-/ceb-messaging-simple-inversion-7.1.0.tgz",
      "integrity": "sha512-w//eONKEwG/RYMak5rWddXxzw91qcCmOtJbNF3Fpd3LFXAMd6W23VlVQ5stA31YjhIckZq1s5sHU/BCl+Ezh2A==",
      "dev": true,
      "requires": {
        "@tmorin/ceb-inversion-core": "^7.1.0",
        "@tmorin/ceb-messaging-core": "^7.1.0",
        "@tmorin/ceb-messaging-simple": "^7.1.0"
      }
    },
    "@types/json-schema": {
      "version": "7.0.9",
      "resolved": "https://registry.npmjs.org/@types/json-schema/-/json-schema-7.0.9.tgz",
      "integrity": "sha512-qcUXuemtEu+E5wZSJHNxUXeCZhAfXKQ41D+duX+VYPde7xyEVZci+/oXKJL13tnRs9lR2pr4fod59GT6/X1/yQ==",
      "dev": true
    },
    "purify-ts": {
      "version": "1.2.0",
      "resolved": "https://registry.npmjs.org/purify-ts/-/purify-ts-1.2.0.tgz",
      "integrity": "sha512-CTiMFDCaJ9vKXOnl13sRktbb6KMYB0NuQD0LPUYfEZO5YIKcN7uxIb7maSe0Ywzcm9O8LDcz7dQK1p6ZWDCvaQ==",
      "dev": true,
      "requires": {
        "@types/json-schema": "7.0.9"
      }
    }
  }
}
