{
  "name": "@tmorin/ceb-messaging-adapter-purify",
  "version": "7.1.0",
  "lockfileVersion": 3,
  "requires": true,
  "packages": {
    "": {
      "name": "@tmorin/ceb-messaging-adapter-purify",
      "version": "7.1.0",
      "license": "MIT",
      "dependencies": {
        "@tmorin/ceb-inversion-core": "^7.1.0",
        "@tmorin/ceb-messaging-core": "^7.1.0"
      },
      "devDependencies": {
        "@tmorin/ceb-messaging-simple": "^7.1.0",
        "@tmorin/ceb-messaging-simple-inversion": "^7.1.0",
        "purify-ts": "^1.3.2"
      },
      "peerDependencies": {
        "purify-ts": "*"
      }
    },
    "node_modules/@tmorin/ceb-inversion-core": {
      "version": "7.1.0",
      "resolved": "https://registry.npmjs.org/@tmorin/ceb-inversion-core/-/ceb-inversion-core-7.1.0.tgz",
      "integrity": "sha512-UrwCqGquazKfpEAsw1VhXV7ycjCStXf2lCHv7N3rHStdt47Fy/nIwMyLQ2/o71uH1l+hMo5ZdjMsdlGY8SkIZQ=="
    },
    "node_modules/@tmorin/ceb-messaging-core": {
      "version": "7.1.0",
      "resolved": "https://registry.npmjs.org/@tmorin/ceb-messaging-core/-/ceb-messaging-core-7.1.0.tgz",
      "integrity": "sha512-gDCvExlQYXSqFyZ/LtcZ0GF3e+nVHHFkYMVWTnUUUGngtAu/EPmTFdEDDVkisjOK0BBGJCZUI597MLsYOe3k+A==",
      "dependencies": {
        "@tmorin/ceb-inversion-core": "^7.1.0"
      }
    },
    "node_modules/@tmorin/ceb-messaging-simple": {
      "version": "7.1.0",
      "resolved": "https://registry.npmjs.org/@tmorin/ceb-messaging-simple/-/ceb-messaging-simple-7.1.0.tgz",
      "integrity": "sha512-MkePiBuCcbdH4lRI59M/StpWu58xciUupLSPpcyp+xPAgNj+WDrUWZYWtglEJXele2cFpWVN/+TO3rAZG9ucyw==",
      "dev": true,
      "dependencies": {
        "@tmorin/ceb-messaging-core": "^7.1.0"
      }
    },
    "node_modules/@tmorin/ceb-messaging-simple-inversion": {
      "version": "7.1.0",
      "resolved": "https://registry.npmjs.org/@tmorin/ceb-messaging-simple-inversion/-/ceb-messaging-simple-inversion-7.1.0.tgz",
      "integrity": "sha512-w//eONKEwG/RYMak5rWddXxzw91qcCmOtJbNF3Fpd3LFXAMd6W23VlVQ5stA31YjhIckZq1s5sHU/BCl+Ezh2A==",
      "dev": true,
      "dependencies": {
        "@tmorin/ceb-inversion-core": "^7.1.0",
        "@tmorin/ceb-messaging-core": "^7.1.0",
        "@tmorin/ceb-messaging-simple": "^7.1.0"
      }
    },
    "node_modules/@types/json-schema": {
      "version": "7.0.11",
      "resolved": "https://registry.npmjs.org/@types/json-schema/-/json-schema-7.0.11.tgz",
      "integrity": "sha512-wOuvG1SN4Us4rez+tylwwwCV1psiNVOkJeM3AUWUNWg/jDQY2+HE/444y5gc+jBmRqASOm2Oeh5c1axHobwRKQ==",
      "dev": true
    },
    "node_modules/purify-ts": {
      "version": "1.3.5",
      "resolved": "https://registry.npmjs.org/purify-ts/-/purify-ts-1.3.5.tgz",
      "integrity": "sha512-OS+UJYw3y/aT29N29TbidifzLH+Xcv0Yd2Qau5j2bOjTYRjZT2diZQ47hZQwoPmKPLd+nIuv4AHx91dzNAE24A==",
      "dev": true,
      "dependencies": {
        "@types/json-schema": "7.0.11"
      }
    }
  }
}
