{
	"name": "@tmorin/ceb-messaging-adapter-purify",
	"version": "6.1.1-alpha.3",
	"lockfileVersion": 1,
	"requires": true,
	"dependencies": {
		"@types/json-schema": {
			"version": "7.0.9",
			"resolved": "https://registry.npmjs.org/@types/json-schema/-/json-schema-7.0.9.tgz",
			"integrity": "sha512-qcUXuemtEu+E5wZSJHNxUXeCZhAfXKQ41D+duX+VYPde7xyEVZci+/oXKJL13tnRs9lR2pr4fod59GT6/X1/yQ==",
			"dev": true
		},
		"purify-ts": {
			"version": "1.1.0",
			"resolved": "https://registry.npmjs.org/purify-ts/-/purify-ts-1.1.0.tgz",
			"integrity": "sha512-hfXuxs6hoRURvcBwHVGlLdeNp9R96z+l1sQQj5enqU1ZDqV1GGVPIr6wNw2rNKqhQemaaMERrqjqjzO2hVYZsg==",
			"dev": true,
			"requires": {
				"@types/json-schema": "7.0.9"
			}
		}
	}
}
